
Microsoft Visual Studio Solution File, Format Version 12.00
# Visual Studio Version 17
VisualStudioVersion = 17.2.32505.173
MinimumVisualStudioVersion = 10.0.40219.1
Project("{FAE04EC0-301F-11D3-BF4B-00C04F79EFBC}") = "ConsoleApp4", "ConsoleApp4\ConsoleApp4.csproj", "{75B2372B-5BDA-4DFE-BDDB-C2BE63076886}"
EndProject
Project("{FAE04EC0-301F-11D3-BF4B-00C04F79EFBC}") = "Loops", "Loops\Loops.csproj", "{DC2EC874-7A82-4237-A8F0-1757F37207F9}"
EndProject
Project("{FAE04EC0-301F-11D3-BF4B-00C04F79EFBC}") = "ClassIntro", "ClassIntro\ClassIntro.csproj", "{9FE0F4DE-410C-4697-8C1B-6DDEABE6499D}"
EndProject
Project("{FAE04EC0-301F-11D3-BF4B-00C04F79EFBC}") = "Methods", "Methods\Methods.csproj", "{C4AD7F9E-ECBC-4FE2-BB04-6F9CE401EEFA}"
EndProject
Global
	GlobalSection(SolutionConfigurationPlatforms) = preSolution
		Debug|Any CPU = Debug|Any CPU
		Release|Any CPU = Release|Any CPU
	EndGlobalSection
	GlobalSection(ProjectConfigurationPlatforms) = postSolution
		{75B2372B-5BDA-4DFE-BDDB-C2BE63076886}.Debug|Any CPU.ActiveCfg = Debug|Any CPU
		{75B2372B-5BDA-4DFE-BDDB-C2BE63076886}.Debug|Any CPU.Build.0 = Debug|Any CPU
		{75B2372B-5BDA-4DFE-BDDB-C2BE63076886}.Release|Any CPU.ActiveCfg = Release|Any CPU
		{75B2372B-5BDA-4DFE-BDDB-C2BE63076886}.Release|Any CPU.Build.0 = Release|Any CPU
		{DC2EC874-7A82-4237-A8F0-1757F37207F9}.Debug|Any CPU.ActiveCfg = Debug|Any CPU
		{DC2EC874-7A82-4237-A8F0-1757F37207F9}.Debug|Any CPU.Build.0 = Debug|Any CPU
		{DC2EC874-7A82-4237-A8F0-1757F37207F9}.Release|Any CPU.ActiveCfg = Release|Any CPU
		{DC2EC874-7A82-4237-A8F0-1757F37207F9}.Release|Any CPU.Build.0 = Release|Any CPU
		{9FE0F4DE-410C-4697-8C1B-6DDEABE6499D}.Debug|Any CPU.ActiveCfg = Debug|Any CPU
		{9FE0F4DE-410C-4697-8C1B-6DDEABE6499D}.Debug|Any CPU.Build.0 = Debug|Any CPU
		{9FE0F4DE-410C-4697-8C1B-6DDEABE6499D}.Release|Any CPU.ActiveCfg = Release|Any CPU
		{9FE0F4DE-410C-4697-8C1B-6DDEABE6499D}.Release|Any CPU.Build.0 = Release|Any CPU
		{C4AD7F9E-ECBC-4FE2-BB04-6F9CE401EEFA}.Debug|Any CPU.ActiveCfg = Debug|Any CPU
		{C4AD7F9E-ECBC-4FE2-BB04-6F9CE401EEFA}.Debug|Any CPU.Build.0 = Debug|Any CPU
		{C4AD7F9E-ECBC-4FE2-BB04-6F9CE401EEFA}.Release|Any CPU.ActiveCfg = Release|Any CPU
		{C4AD7F9E-ECBC-4FE2-BB04-6F9CE401EEFA}.Release|Any CPU.Build.0 = Release|Any CPU
	EndGlobalSection
	GlobalSection(SolutionProperties) = preSolution
		HideSolutionNode = FALSE
	EndGlobalSection
	GlobalSection(ExtensibilityGlobals) = postSolution
		SolutionGuid = {3CF37594-3A63-49BF-B170-F9053C208A8A}
	EndGlobalSection
EndGlobal
